// !$*UTF8*$!
{
	archiveVersion = 1;
	classes = {
	};
	objectVersion = 46;
	objects = {
/* Begin PBXBuildFile section */
		0207DA581B56EA530066E2B4 /* Images.xcassets in Resources */ = {isa = PBXBuildFile; fileRef = 0207DA571B56EA530066E2B4 /* Images.xcassets */; };
		1D3623260D0F684500981E51 /* AppDelegate.m in Sources */ = {isa = PBXBuildFile; fileRef = 1D3623250D0F684500981E51 /* AppDelegate.m */; };
		1D60589B0D05DD56006BFB54 /* main.m in Sources */ = {isa = PBXBuildFile; fileRef = 29B97316FDCFA39411CA2CEA /* main.m */; };
		301BF552109A68D80062928A /* libCordova.a in Frameworks */ = {isa = PBXBuildFile; fileRef = 301BF535109A57CC0062928A /* libCordova.a */; };
		302D95F114D2391D003F00A1 /* MainViewController.m in Sources */ = {isa = PBXBuildFile; fileRef = 302D95EF14D2391D003F00A1 /* MainViewController.m */; };
		302D95F214D2391D003F00A1 /* MainViewController.xib in Resources */ = {isa = PBXBuildFile; fileRef = 302D95F014D2391D003F00A1 /* MainViewController.xib */; };
		3047A5121AB8059700498E2A /* build-debug.xcconfig in Resources */ = {isa = PBXBuildFile; fileRef = 3047A50F1AB8059700498E2A /* build-debug.xcconfig */; };
		3047A5131AB8059700498E2A /* build-release.xcconfig in Resources */ = {isa = PBXBuildFile; fileRef = 3047A5101AB8059700498E2A /* build-release.xcconfig */; };
		3047A5141AB8059700498E2A /* build.xcconfig in Resources */ = {isa = PBXBuildFile; fileRef = 3047A5111AB8059700498E2A /* build.xcconfig */; };
		6AFF5BF91D6E424B00AB3073 /* CDVLaunchScreen.storyboard in Resources */ = {isa = PBXBuildFile; fileRef = 6AFF5BF81D6E424B00AB3073 /* CDVLaunchScreen.storyboard */; };
		E0A22F98EB7E4FB299A2F851 /* CDVBattery.m in Sources */ = {isa = PBXBuildFile; fileRef = 6BB434933F0A4ED2B205FB89 /* CDVBattery.m */; };
		97EB1B929FD747D7AE95E743 /* UIImage+CropScaleOrientation.m in Sources */ = {isa = PBXBuildFile; fileRef = 6121CBC7E633457F8CC53F44 /* UIImage+CropScaleOrientation.m */; };
		CF29018CABFB47D0BD6E53B3 /* CDVCamera.m in Sources */ = {isa = PBXBuildFile; fileRef = 2A7A08EA0D8B4297B526CC06 /* CDVCamera.m */; };
		5E6D7072CD9A45A1B640EAE2 /* CDVJpegHeaderWriter.m in Sources */ = {isa = PBXBuildFile; fileRef = F89AE2081B5B4116A97122FF /* CDVJpegHeaderWriter.m */; };
		8A93CDDA9B1448A2A96EE1EE /* ImageIO.framework in Frameworks */ = {isa = PBXBuildFile; fileRef = E9F84EC640604F6C806F6BC3 /* ImageIO.framework */; settings = {ATTRIBUTES = (Weak, ); }; };
		F4CB85F515AB4381B1016116 /* CoreLocation.framework in Frameworks */ = {isa = PBXBuildFile; fileRef = 36F90C83A20A421E8292F929 /* CoreLocation.framework */; };
		00EE70C4B3414B7CA4F0EB32 /* AVFoundation.framework in Frameworks */ = {isa = PBXBuildFile; fileRef = 2A5652F775134FF28953B962 /* AVFoundation.framework */; };
		30CC80DA203E4639936BE172 /* CDVLogger.m in Sources */ = {isa = PBXBuildFile; fileRef = 0D43764A1BFC47489F169F17 /* CDVLogger.m */; };
		10FF33DF6ECC479EBB3B6225 /* CDVContacts.m in Sources */ = {isa = PBXBuildFile; fileRef = A9672790294045338E5E71E3 /* CDVContacts.m */; };
		A21E1F462B8843D8853C4505 /* CDVContact.m in Sources */ = {isa = PBXBuildFile; fileRef = 7CA6D6DC4CF5493DAA5EB9B6 /* CDVContact.m */; };
		29AB87CFE9CD4564A14D47CA /* AddressBook.framework in Frameworks */ = {isa = PBXBuildFile; fileRef = DBBC1DF6ADCC48DE93EF5935 /* AddressBook.framework */; settings = {ATTRIBUTES = (Weak, ); }; };
		BF7F34318C05482A92D447EC /* AddressBookUI.framework in Frameworks */ = {isa = PBXBuildFile; fileRef = 68B8473A808540D3BAF7389E /* AddressBookUI.framework */; settings = {ATTRIBUTES = (Weak, ); }; };
		EC72C82D40984745B04C5D8F /* CDVDevice.m in Sources */ = {isa = PBXBuildFile; fileRef = EEB81316894A4F1FB82B71DA /* CDVDevice.m */; };
		CD5D8FAC4A834F88ACD15D37 /* libz.tbd in Frameworks */ = {isa = PBXBuildFile; fileRef = FDB3C81C6DD947429605F553 /* libz.tbd */; };
		0BDC1339EF7B4690BA47C355 /* CDVAccelerometer.m in Sources */ = {isa = PBXBuildFile; fileRef = 3688D050F2D342EFAD1990DA /* CDVAccelerometer.m */; };
		C9EEF6D74B9D4FC6878D1738 /* CoreMotion.framework in Frameworks */ = {isa = PBXBuildFile; fileRef = A50DDC67F6AC477294D31934 /* CoreMotion.framework */; };
		648281D9387F44D5B042FE36 /* CDVCompass.m in Sources */ = {isa = PBXBuildFile; fileRef = 0D6CFE9E7B3243279DEAA1AA /* CDVCompass.m */; };
		5A8D168DD87D47EB9ADBCBDD /* CDVNotification.m in Sources */ = {isa = PBXBuildFile; fileRef = 778050C0370A46A1ADB2EC06 /* CDVNotification.m */; };
		3B67E80477444BA19E9F5EBC /* CDVNotification.bundle in Resources */ = {isa = PBXBuildFile; fileRef = B0B17B2911474DF48B492615 /* CDVNotification.bundle */; };
		19554B368D704A8B9A703127 /* AudioToolbox.framework in Frameworks */ = {isa = PBXBuildFile; fileRef = 35E0777D9CB941DAB8706C85 /* AudioToolbox.framework */; settings = {ATTRIBUTES = (Weak, ); }; };
		A89D9267894C4A93B01928C7 /* CDVFile.m in Sources */ = {isa = PBXBuildFile; fileRef = 7D2828A770594EDBBF7DF3CF /* CDVFile.m */; };
		0ACB2E6157B749B48276259D /* CDVLocalFilesystem.m in Sources */ = {isa = PBXBuildFile; fileRef = 6F6726EB4D604508A73F454D /* CDVLocalFilesystem.m */; };
		859E9C1AFFB04AE7BFD318F4 /* CDVAssetLibraryFilesystem.m in Sources */ = {isa = PBXBuildFile; fileRef = C95BF552844B458C892D6BFC /* CDVAssetLibraryFilesystem.m */; };
		4CC5129F05394676A9734E14 /* CDVFileTransfer.m in Sources */ = {isa = PBXBuildFile; fileRef = 621079EB3C9F44CA86515778 /* CDVFileTransfer.m */; };
		89089FE756A44DB9ADCA77D2 /* CDVLocation.m in Sources */ = {isa = PBXBuildFile; fileRef = C7A2242B5814437BAE49EEF9 /* CDVLocation.m */; };
		E339C60CA4D049E28A9D10C3 /* CDVGlobalization.m in Sources */ = {isa = PBXBuildFile; fileRef = ED7BE96D6CFF4997B1DD35CA /* CDVGlobalization.m */; };
		FCC0771B44FD4D1299504F38 /* CDVInAppBrowser.m in Sources */ = {isa = PBXBuildFile; fileRef = 1B2EDD7342A94C58A33266B3 /* CDVInAppBrowser.m */; };
		EF891A18306B4092A043F3C3 /* CDVSound.m in Sources */ = {isa = PBXBuildFile; fileRef = 854F448D1F174A0EA7C19094 /* CDVSound.m */; };
		1AEBFDF5B78D4369AD5DEEC9 /* CDVCapture.m in Sources */ = {isa = PBXBuildFile; fileRef = 7BCD899B73A443519149236C /* CDVCapture.m */; };
		2AD17EC07ED448319F109D26 /* CDVCapture.bundle in Resources */ = {isa = PBXBuildFile; fileRef = 9AEA1506ABC24BC4973FBEA1 /* CDVCapture.bundle */; };
		6C7FD4D9CD6046DB9EEC9F82 /* CDVConnection.m in Sources */ = {isa = PBXBuildFile; fileRef = 1F55493656EF4C6587DDB9B4 /* CDVConnection.m */; };
		952D74425C73491F9018D788 /* CDVReachability.m in Sources */ = {isa = PBXBuildFile; fileRef = 3F674AACBD144EA6BCC113F9 /* CDVReachability.m */; };
		0537839941EA48F4829B5B52 /* SystemConfiguration.framework in Frameworks */ = {isa = PBXBuildFile; fileRef = 98AE9241D0254DD6A00EAB52 /* SystemConfiguration.framework */; settings = {ATTRIBUTES = (Weak, ); }; };
		06912715F26A4F92AE09513D /* CoreTelephony.framework in Frameworks */ = {isa = PBXBuildFile; fileRef = 0A08007376CD4C5FB986E691 /* CoreTelephony.framework */; };
		C947426A18A94A7C8C40C723 /* CDVSplashScreen.m in Sources */ = {isa = PBXBuildFile; fileRef = C5A178E323FC48819E139113 /* CDVSplashScreen.m */; };
		D83EE79F5F6D46C18E056756 /* CDVViewController+SplashScreen.m in Sources */ = {isa = PBXBuildFile; fileRef = D6CF33EBEEEF4B528CBA2098 /* CDVViewController+SplashScreen.m */; };
		F8452F439B804342B9931CAE /* CDVStatusBar.m in Sources */ = {isa = PBXBuildFile; fileRef = AD12FF52623A4CEEB8638E6F /* CDVStatusBar.m */; };
		74FDBE9A47C742CBBBE234F1 /* CDVVibration.m in Sources */ = {isa = PBXBuildFile; fileRef = E6B327D483A54E80B7AE3263 /* CDVVibration.m */; };
/* End PBXBuildFile section */

/* Begin PBXContainerItemProxy section */
		301BF534109A57CC0062928A /* PBXContainerItemProxy */ = {
			isa = PBXContainerItemProxy;
			containerPortal = 301BF52D109A57CC0062928A /* CordovaLib.xcodeproj */;
			proxyType = 2;
			remoteGlobalIDString = D2AAC07E0554694100DB518D;
			remoteInfo = CordovaLib;
		};
		301BF550109A68C00062928A /* PBXContainerItemProxy */ = {
			isa = PBXContainerItemProxy;
			containerPortal = 301BF52D109A57CC0062928A /* CordovaLib.xcodeproj */;
			proxyType = 1;
			remoteGlobalIDString = D2AAC07D0554694100DB518D;
			remoteInfo = CordovaLib;
		};
/* End PBXContainerItemProxy section */

/* Begin PBXFileReference section */
		0207DA571B56EA530066E2B4 /* Images.xcassets */ = {isa = PBXFileReference; lastKnownFileType = folder.assetcatalog; name = Images.xcassets; path = "SmartAPP/Images.xcassets"; sourceTree = SOURCE_ROOT; };
		1D3623240D0F684500981E51 /* AppDelegate.h */ = {isa = PBXFileReference; fileEncoding = 4; lastKnownFileType = sourcecode.c.h; path = AppDelegate.h; sourceTree = "<group>"; };
		1D3623250D0F684500981E51 /* AppDelegate.m */ = {isa = PBXFileReference; fileEncoding = 4; lastKnownFileType = sourcecode.c.objc; path = AppDelegate.m; sourceTree = "<group>"; };
		1D6058910D05DD3D006BFB54 /* SmartAPP.app */ = {isa = PBXFileReference; explicitFileType = wrapper.application; includeInIndex = 0; path = "SmartAPP.app"; sourceTree = BUILT_PRODUCTS_DIR; };
		29B97316FDCFA39411CA2CEA /* main.m */ = {isa = PBXFileReference; fileEncoding = 4; lastKnownFileType = sourcecode.c.objc; path = main.m; sourceTree = "<group>"; };
		301BF52D109A57CC0062928A /* CordovaLib.xcodeproj */ = {isa = PBXFileReference; lastKnownFileType = "wrapper.pb-project"; name = CordovaLib.xcodeproj; path = CordovaLib/CordovaLib.xcodeproj; sourceTree = "<group>"; };
		301BF56E109A69640062928A /* www */ = {isa = PBXFileReference; lastKnownFileType = folder; path = www; sourceTree = SOURCE_ROOT; };
		302D95EE14D2391D003F00A1 /* MainViewController.h */ = {isa = PBXFileReference; fileEncoding = 4; lastKnownFileType = sourcecode.c.h; path = MainViewController.h; sourceTree = "<group>"; };
		302D95EF14D2391D003F00A1 /* MainViewController.m */ = {isa = PBXFileReference; fileEncoding = 4; lastKnownFileType = sourcecode.c.objc; path = MainViewController.m; sourceTree = "<group>"; };
		302D95F014D2391D003F00A1 /* MainViewController.xib */ = {isa = PBXFileReference; fileEncoding = 4; lastKnownFileType = file.xib; path = MainViewController.xib; sourceTree = "<group>"; };
		3047A50F1AB8059700498E2A /* build-debug.xcconfig */ = {isa = PBXFileReference; fileEncoding = 4; lastKnownFileType = text.xcconfig; name = "build-debug.xcconfig"; path = cordova/build-debug.xcconfig; sourceTree = SOURCE_ROOT; };
		3047A5101AB8059700498E2A /* build-release.xcconfig */ = {isa = PBXFileReference; fileEncoding = 4; lastKnownFileType = text.xcconfig; name = "build-release.xcconfig"; path = cordova/build-release.xcconfig; sourceTree = SOURCE_ROOT; };
		3047A5111AB8059700498E2A /* build.xcconfig */ = {isa = PBXFileReference; fileEncoding = 4; lastKnownFileType = text.xcconfig; name = build.xcconfig; path = cordova/build.xcconfig; sourceTree = SOURCE_ROOT; };
		32CA4F630368D1EE00C91783 /* SmartAPP-Prefix.pch */ = {isa = PBXFileReference; fileEncoding = 4; lastKnownFileType = sourcecode.c.h; path = "SmartAPP-Prefix.pch"; sourceTree = "<group>"; };
		6AFF5BF81D6E424B00AB3073 /* CDVLaunchScreen.storyboard */ = {isa = PBXFileReference; fileEncoding = 4; lastKnownFileType = file.storyboard; name = CDVLaunchScreen.storyboard; path = "SmartAPP/CDVLaunchScreen.storyboard"; sourceTree = SOURCE_ROOT; };
		8D1107310486CEB800E47090 /* SmartAPP-Info.plist */ = {isa = PBXFileReference; fileEncoding = 4; lastKnownFileType = text.plist.xml; name = "SmartAPP-Info.plist"; path = "SmartAPP/SmartAPP-Info.plist"; plistStructureDefinitionIdentifier = "com.apple.xcode.plist.structure-definition.iphone.info-plist"; sourceTree = SOURCE_ROOT; };
		EB87FDF31871DA8E0020F90C /* www */ = {isa = PBXFileReference; lastKnownFileType = folder; name = www; path = ../../www; sourceTree = "<group>"; };
		EB87FDF41871DAF40020F90C /* config.xml */ = {isa = PBXFileReference; lastKnownFileType = text.xml; name = config.xml; path = ../../config.xml; sourceTree = "<group>"; };
		F840E1F0165FE0F500CFE078 /* config.xml */ = {isa = PBXFileReference; lastKnownFileType = text.xml; name = config.xml; path = "SmartAPP/config.xml"; sourceTree = "<group>"; };
		ED33DF2A687741AEAF9F8254 /* Bridging-Header.h */ = {isa = PBXFileReference; fileEncoding = 4; lastKnownFileType = sourcecode.c.h; name = "Bridging-Header.h"; path = "Bridging-Header.h"; sourceTree = "<group>"; };
		6BB434933F0A4ED2B205FB89 /* CDVBattery.m */ = {isa = PBXFileReference; name = "CDVBattery.m"; path = "cordova-plugin-battery-status/CDVBattery.m"; sourceTree = "<group>"; fileEncoding = 4; lastKnownFileType = sourcecode.c.objc; explicitFileType = undefined; includeInIndex = 0; };
		42793F1C8061405D9580A7FA /* CDVBattery.h */ = {isa = PBXFileReference; name = "CDVBattery.h"; path = "cordova-plugin-battery-status/CDVBattery.h"; sourceTree = "<group>"; fileEncoding = 4; lastKnownFileType = sourcecode.c.h; explicitFileType = undefined; includeInIndex = 0; };
		6121CBC7E633457F8CC53F44 /* UIImage+CropScaleOrientation.m */ = {isa = PBXFileReference; name = "UIImage+CropScaleOrientation.m"; path = "cordova-plugin-camera/UIImage+CropScaleOrientation.m"; sourceTree = "<group>"; fileEncoding = 4; lastKnownFileType = sourcecode.c.objc; explicitFileType = undefined; includeInIndex = 0; };
		2A7A08EA0D8B4297B526CC06 /* CDVCamera.m */ = {isa = PBXFileReference; name = "CDVCamera.m"; path = "cordova-plugin-camera/CDVCamera.m"; sourceTree = "<group>"; fileEncoding = 4; lastKnownFileType = sourcecode.c.objc; explicitFileType = undefined; includeInIndex = 0; };
		F89AE2081B5B4116A97122FF /* CDVJpegHeaderWriter.m */ = {isa = PBXFileReference; name = "CDVJpegHeaderWriter.m"; path = "cordova-plugin-camera/CDVJpegHeaderWriter.m"; sourceTree = "<group>"; fileEncoding = 4; lastKnownFileType = sourcecode.c.objc; explicitFileType = undefined; includeInIndex = 0; };
		935B425A42944A499EBF394A /* UIImage+CropScaleOrientation.h */ = {isa = PBXFileReference; name = "UIImage+CropScaleOrientation.h"; path = "cordova-plugin-camera/UIImage+CropScaleOrientation.h"; sourceTree = "<group>"; fileEncoding = 4; lastKnownFileType = sourcecode.c.h; explicitFileType = undefined; includeInIndex = 0; };
		9754D8BB1BF047539AEE31EA /* CDVCamera.h */ = {isa = PBXFileReference; name = "CDVCamera.h"; path = "cordova-plugin-camera/CDVCamera.h"; sourceTree = "<group>"; fileEncoding = 4; lastKnownFileType = sourcecode.c.h; explicitFileType = undefined; includeInIndex = 0; };
		8BF299F24B2D47DC9BE43D39 /* CDVJpegHeaderWriter.h */ = {isa = PBXFileReference; name = "CDVJpegHeaderWriter.h"; path = "cordova-plugin-camera/CDVJpegHeaderWriter.h"; sourceTree = "<group>"; fileEncoding = 4; lastKnownFileType = sourcecode.c.h; explicitFileType = undefined; includeInIndex = 0; };
		A0AE156F8DB4418483EDD20E /* CDVExif.h */ = {isa = PBXFileReference; name = "CDVExif.h"; path = "cordova-plugin-camera/CDVExif.h"; sourceTree = "<group>"; fileEncoding = 4; lastKnownFileType = sourcecode.c.h; explicitFileType = undefined; includeInIndex = 0; };
		E9F84EC640604F6C806F6BC3 /* ImageIO.framework */ = {isa = PBXFileReference; name = "ImageIO.framework"; path = "System/Library/Frameworks/ImageIO.framework"; sourceTree = SDKROOT; fileEncoding = undefined; lastKnownFileType = wrapper.framework; explicitFileType = undefined; includeInIndex = 0; };
		36F90C83A20A421E8292F929 /* CoreLocation.framework */ = {isa = PBXFileReference; name = "CoreLocation.framework"; path = "System/Library/Frameworks/CoreLocation.framework"; sourceTree = SDKROOT; fileEncoding = undefined; lastKnownFileType = wrapper.framework; explicitFileType = undefined; includeInIndex = 0; };
		2A5652F775134FF28953B962 /* AVFoundation.framework */ = {isa = PBXFileReference; name = "AVFoundation.framework"; path = "System/Library/Frameworks/AVFoundation.framework"; sourceTree = SDKROOT; fileEncoding = undefined; lastKnownFileType = wrapper.framework; explicitFileType = undefined; includeInIndex = 0; };
		0D43764A1BFC47489F169F17 /* CDVLogger.m */ = {isa = PBXFileReference; name = "CDVLogger.m"; path = "cordova-plugin-console/CDVLogger.m"; sourceTree = "<group>"; fileEncoding = 4; lastKnownFileType = sourcecode.c.objc; explicitFileType = undefined; includeInIndex = 0; };
		0F96B6252BD54E5EA8B1DC6A /* CDVLogger.h */ = {isa = PBXFileReference; name = "CDVLogger.h"; path = "cordova-plugin-console/CDVLogger.h"; sourceTree = "<group>"; fileEncoding = 4; lastKnownFileType = sourcecode.c.h; explicitFileType = undefined; includeInIndex = 0; };
		A9672790294045338E5E71E3 /* CDVContacts.m */ = {isa = PBXFileReference; name = "CDVContacts.m"; path = "cordova-plugin-contacts/CDVContacts.m"; sourceTree = "<group>"; fileEncoding = 4; lastKnownFileType = sourcecode.c.objc; explicitFileType = undefined; includeInIndex = 0; };
		7CA6D6DC4CF5493DAA5EB9B6 /* CDVContact.m */ = {isa = PBXFileReference; name = "CDVContact.m"; path = "cordova-plugin-contacts/CDVContact.m"; sourceTree = "<group>"; fileEncoding = 4; lastKnownFileType = sourcecode.c.objc; explicitFileType = undefined; includeInIndex = 0; };
		4F9792E199094427AC166DFB /* CDVContacts.h */ = {isa = PBXFileReference; name = "CDVContacts.h"; path = "cordova-plugin-contacts/CDVContacts.h"; sourceTree = "<group>"; fileEncoding = 4; lastKnownFileType = sourcecode.c.h; explicitFileType = undefined; includeInIndex = 0; };
		747DE26DA810487F92CDEF26 /* CDVContact.h */ = {isa = PBXFileReference; name = "CDVContact.h"; path = "cordova-plugin-contacts/CDVContact.h"; sourceTree = "<group>"; fileEncoding = 4; lastKnownFileType = sourcecode.c.h; explicitFileType = undefined; includeInIndex = 0; };
		DBBC1DF6ADCC48DE93EF5935 /* AddressBook.framework */ = {isa = PBXFileReference; name = "AddressBook.framework"; path = "System/Library/Frameworks/AddressBook.framework"; sourceTree = SDKROOT; fileEncoding = undefined; lastKnownFileType = wrapper.framework; explicitFileType = undefined; includeInIndex = 0; };
		68B8473A808540D3BAF7389E /* AddressBookUI.framework */ = {isa = PBXFileReference; name = "AddressBookUI.framework"; path = "System/Library/Frameworks/AddressBookUI.framework"; sourceTree = SDKROOT; fileEncoding = undefined; lastKnownFileType = wrapper.framework; explicitFileType = undefined; includeInIndex = 0; };
		EEB81316894A4F1FB82B71DA /* CDVDevice.m */ = {isa = PBXFileReference; name = "CDVDevice.m"; path = "cordova-plugin-device/CDVDevice.m"; sourceTree = "<group>"; fileEncoding = 4; lastKnownFileType = sourcecode.c.objc; explicitFileType = undefined; includeInIndex = 0; };
		14F6B556B7EA4CBA94AE6CA6 /* CDVDevice.h */ = {isa = PBXFileReference; name = "CDVDevice.h"; path = "cordova-plugin-device/CDVDevice.h"; sourceTree = "<group>"; fileEncoding = 4; lastKnownFileType = sourcecode.c.h; explicitFileType = undefined; includeInIndex = 0; };
		FDB3C81C6DD947429605F553 /* libz.tbd */ = {isa = PBXFileReference; name = "libz.tbd"; path = "usr/lib/libz.tbd"; sourceTree = SDKROOT; fileEncoding = undefined; lastKnownFileType = sourcecode.text-based-dylib-definition; explicitFileType = undefined; includeInIndex = 0; };
		3688D050F2D342EFAD1990DA /* CDVAccelerometer.m */ = {isa = PBXFileReference; name = "CDVAccelerometer.m"; path = "cordova-plugin-device-motion/CDVAccelerometer.m"; sourceTree = "<group>"; fileEncoding = 4; lastKnownFileType = sourcecode.c.objc; explicitFileType = undefined; includeInIndex = 0; };
		688D668CE7164C9B9844CDB1 /* CDVAccelerometer.h */ = {isa = PBXFileReference; name = "CDVAccelerometer.h"; path = "cordova-plugin-device-motion/CDVAccelerometer.h"; sourceTree = "<group>"; fileEncoding = 4; lastKnownFileType = sourcecode.c.h; explicitFileType = undefined; includeInIndex = 0; };
		A50DDC67F6AC477294D31934 /* CoreMotion.framework */ = {isa = PBXFileReference; name = "CoreMotion.framework"; path = "System/Library/Frameworks/CoreMotion.framework"; sourceTree = SDKROOT; fileEncoding = undefined; lastKnownFileType = wrapper.framework; explicitFileType = undefined; includeInIndex = 0; };
		0D6CFE9E7B3243279DEAA1AA /* CDVCompass.m */ = {isa = PBXFileReference; name = "CDVCompass.m"; path = "cordova-plugin-device-orientation/CDVCompass.m"; sourceTree = "<group>"; fileEncoding = 4; lastKnownFileType = sourcecode.c.objc; explicitFileType = undefined; includeInIndex = 0; };
		7D467299308448BC9CD5D034 /* CDVCompass.h */ = {isa = PBXFileReference; name = "CDVCompass.h"; path = "cordova-plugin-device-orientation/CDVCompass.h"; sourceTree = "<group>"; fileEncoding = 4; lastKnownFileType = sourcecode.c.h; explicitFileType = undefined; includeInIndex = 0; };
		778050C0370A46A1ADB2EC06 /* CDVNotification.m */ = {isa = PBXFileReference; name = "CDVNotification.m"; path = "cordova-plugin-dialogs/CDVNotification.m"; sourceTree = "<group>"; fileEncoding = 4; lastKnownFileType = sourcecode.c.objc; explicitFileType = undefined; includeInIndex = 0; };
		381E4469A8D04102BED43D26 /* CDVNotification.h */ = {isa = PBXFileReference; name = "CDVNotification.h"; path = "cordova-plugin-dialogs/CDVNotification.h"; sourceTree = "<group>"; fileEncoding = 4; lastKnownFileType = sourcecode.c.h; explicitFileType = undefined; includeInIndex = 0; };
		B0B17B2911474DF48B492615 /* CDVNotification.bundle */ = {isa = PBXFileReference; name = "CDVNotification.bundle"; path = "CDVNotification.bundle"; sourceTree = "<group>"; fileEncoding = undefined; lastKnownFileType = wrapper.plug-in; explicitFileType = undefined; includeInIndex = 0; };
		35E0777D9CB941DAB8706C85 /* AudioToolbox.framework */ = {isa = PBXFileReference; name = "AudioToolbox.framework"; path = "System/Library/Frameworks/AudioToolbox.framework"; sourceTree = SDKROOT; fileEncoding = undefined; lastKnownFileType = wrapper.framework; explicitFileType = undefined; includeInIndex = 0; };
		7D2828A770594EDBBF7DF3CF /* CDVFile.m */ = {isa = PBXFileReference; name = "CDVFile.m"; path = "cordova-plugin-file/CDVFile.m"; sourceTree = "<group>"; fileEncoding = 4; lastKnownFileType = sourcecode.c.objc; explicitFileType = undefined; includeInIndex = 0; };
		6F6726EB4D604508A73F454D /* CDVLocalFilesystem.m */ = {isa = PBXFileReference; name = "CDVLocalFilesystem.m"; path = "cordova-plugin-file/CDVLocalFilesystem.m"; sourceTree = "<group>"; fileEncoding = 4; lastKnownFileType = sourcecode.c.objc; explicitFileType = undefined; includeInIndex = 0; };
		C95BF552844B458C892D6BFC /* CDVAssetLibraryFilesystem.m */ = {isa = PBXFileReference; name = "CDVAssetLibraryFilesystem.m"; path = "cordova-plugin-file/CDVAssetLibraryFilesystem.m"; sourceTree = "<group>"; fileEncoding = 4; lastKnownFileType = sourcecode.c.objc; explicitFileType = undefined; includeInIndex = 0; };
		729B0C714C6A453B82819502 /* CDVFile.h */ = {isa = PBXFileReference; name = "CDVFile.h"; path = "cordova-plugin-file/CDVFile.h"; sourceTree = "<group>"; fileEncoding = 4; lastKnownFileType = sourcecode.c.h; explicitFileType = undefined; includeInIndex = 0; };
		9A2C57237A0C4940838B7532 /* CDVLocalFilesystem.h */ = {isa = PBXFileReference; name = "CDVLocalFilesystem.h"; path = "cordova-plugin-file/CDVLocalFilesystem.h"; sourceTree = "<group>"; fileEncoding = 4; lastKnownFileType = sourcecode.c.h; explicitFileType = undefined; includeInIndex = 0; };
		2C3270EC3BE7411A9B5A8AB0 /* CDVAssetLibraryFilesystem.h */ = {isa = PBXFileReference; name = "CDVAssetLibraryFilesystem.h"; path = "cordova-plugin-file/CDVAssetLibraryFilesystem.h"; sourceTree = "<group>"; fileEncoding = 4; lastKnownFileType = sourcecode.c.h; explicitFileType = undefined; includeInIndex = 0; };
		621079EB3C9F44CA86515778 /* CDVFileTransfer.m */ = {isa = PBXFileReference; name = "CDVFileTransfer.m"; path = "cordova-plugin-file-transfer/CDVFileTransfer.m"; sourceTree = "<group>"; fileEncoding = 4; lastKnownFileType = sourcecode.c.objc; explicitFileType = undefined; includeInIndex = 0; };
		9A884703AB53455FA44E6781 /* CDVFileTransfer.h */ = {isa = PBXFileReference; name = "CDVFileTransfer.h"; path = "cordova-plugin-file-transfer/CDVFileTransfer.h"; sourceTree = "<group>"; fileEncoding = 4; lastKnownFileType = sourcecode.c.h; explicitFileType = undefined; includeInIndex = 0; };
		C7A2242B5814437BAE49EEF9 /* CDVLocation.m */ = {isa = PBXFileReference; name = "CDVLocation.m"; path = "cordova-plugin-geolocation/CDVLocation.m"; sourceTree = "<group>"; fileEncoding = 4; lastKnownFileType = sourcecode.c.objc; explicitFileType = undefined; includeInIndex = 0; };
		F9584A372BF147A18553FFB3 /* CDVLocation.h */ = {isa = PBXFileReference; name = "CDVLocation.h"; path = "cordova-plugin-geolocation/CDVLocation.h"; sourceTree = "<group>"; fileEncoding = 4; lastKnownFileType = sourcecode.c.h; explicitFileType = undefined; includeInIndex = 0; };
		ED7BE96D6CFF4997B1DD35CA /* CDVGlobalization.m */ = {isa = PBXFileReference; name = "CDVGlobalization.m"; path = "cordova-plugin-globalization/CDVGlobalization.m"; sourceTree = "<group>"; fileEncoding = 4; lastKnownFileType = sourcecode.c.objc; explicitFileType = undefined; includeInIndex = 0; };
		4CB2DE4F58594649BBB431B8 /* CDVGlobalization.h */ = {isa = PBXFileReference; name = "CDVGlobalization.h"; path = "cordova-plugin-globalization/CDVGlobalization.h"; sourceTree = "<group>"; fileEncoding = 4; lastKnownFileType = sourcecode.c.h; explicitFileType = undefined; includeInIndex = 0; };
		1B2EDD7342A94C58A33266B3 /* CDVInAppBrowser.m */ = {isa = PBXFileReference; name = "CDVInAppBrowser.m"; path = "cordova-plugin-inappbrowser/CDVInAppBrowser.m"; sourceTree = "<group>"; fileEncoding = 4; lastKnownFileType = sourcecode.c.objc; explicitFileType = undefined; includeInIndex = 0; };
		085C14CDB800429887A99950 /* CDVInAppBrowser.h */ = {isa = PBXFileReference; name = "CDVInAppBrowser.h"; path = "cordova-plugin-inappbrowser/CDVInAppBrowser.h"; sourceTree = "<group>"; fileEncoding = 4; lastKnownFileType = sourcecode.c.h; explicitFileType = undefined; includeInIndex = 0; };
		854F448D1F174A0EA7C19094 /* CDVSound.m */ = {isa = PBXFileReference; name = "CDVSound.m"; path = "cordova-plugin-media/CDVSound.m"; sourceTree = "<group>"; fileEncoding = 4; lastKnownFileType = sourcecode.c.objc; explicitFileType = undefined; includeInIndex = 0; };
		07999FB0BF9140C39E030420 /* CDVSound.h */ = {isa = PBXFileReference; name = "CDVSound.h"; path = "cordova-plugin-media/CDVSound.h"; sourceTree = "<group>"; fileEncoding = 4; lastKnownFileType = sourcecode.c.h; explicitFileType = undefined; includeInIndex = 0; };
		7BCD899B73A443519149236C /* CDVCapture.m */ = {isa = PBXFileReference; name = "CDVCapture.m"; path = "cordova-plugin-media-capture/CDVCapture.m"; sourceTree = "<group>"; fileEncoding = 4; lastKnownFileType = sourcecode.c.objc; explicitFileType = undefined; includeInIndex = 0; };
		D27893D1C1074F60895AB4E0 /* CDVCapture.h */ = {isa = PBXFileReference; name = "CDVCapture.h"; path = "cordova-plugin-media-capture/CDVCapture.h"; sourceTree = "<group>"; fileEncoding = 4; lastKnownFileType = sourcecode.c.h; explicitFileType = undefined; includeInIndex = 0; };
		9AEA1506ABC24BC4973FBEA1 /* CDVCapture.bundle */ = {isa = PBXFileReference; name = "CDVCapture.bundle"; path = "CDVCapture.bundle"; sourceTree = "<group>"; fileEncoding = undefined; lastKnownFileType = wrapper.plug-in; explicitFileType = undefined; includeInIndex = 0; };
		1F55493656EF4C6587DDB9B4 /* CDVConnection.m */ = {isa = PBXFileReference; name = "CDVConnection.m"; path = "cordova-plugin-network-information/CDVConnection.m"; sourceTree = "<group>"; fileEncoding = 4; lastKnownFileType = sourcecode.c.objc; explicitFileType = undefined; includeInIndex = 0; };
		3F674AACBD144EA6BCC113F9 /* CDVReachability.m */ = {isa = PBXFileReference; name = "CDVReachability.m"; path = "cordova-plugin-network-information/CDVReachability.m"; sourceTree = "<group>"; fileEncoding = 4; lastKnownFileType = sourcecode.c.objc; explicitFileType = undefined; includeInIndex = 0; };
		147905D2280D4AB49CFEB7FE /* CDVConnection.h */ = {isa = PBXFileReference; name = "CDVConnection.h"; path = "cordova-plugin-network-information/CDVConnection.h"; sourceTree = "<group>"; fileEncoding = 4; lastKnownFileType = sourcecode.c.h; explicitFileType = undefined; includeInIndex = 0; };
		69CDC4D061D841BFAACA08C0 /* CDVReachability.h */ = {isa = PBXFileReference; name = "CDVReachability.h"; path = "cordova-plugin-network-information/CDVReachability.h"; sourceTree = "<group>"; fileEncoding = 4; lastKnownFileType = sourcecode.c.h; explicitFileType = undefined; includeInIndex = 0; };
		98AE9241D0254DD6A00EAB52 /* SystemConfiguration.framework */ = {isa = PBXFileReference; name = "SystemConfiguration.framework"; path = "System/Library/Frameworks/SystemConfiguration.framework"; sourceTree = SDKROOT; fileEncoding = undefined; lastKnownFileType = wrapper.framework; explicitFileType = undefined; includeInIndex = 0; };
		0A08007376CD4C5FB986E691 /* CoreTelephony.framework */ = {isa = PBXFileReference; name = "CoreTelephony.framework"; path = "System/Library/Frameworks/CoreTelephony.framework"; sourceTree = SDKROOT; fileEncoding = undefined; lastKnownFileType = wrapper.framework; explicitFileType = undefined; includeInIndex = 0; };
		C5A178E323FC48819E139113 /* CDVSplashScreen.m */ = {isa = PBXFileReference; name = "CDVSplashScreen.m"; path = "cordova-plugin-splashscreen/CDVSplashScreen.m"; sourceTree = "<group>"; fileEncoding = 4; lastKnownFileType = sourcecode.c.objc; explicitFileType = undefined; includeInIndex = 0; };
		D6CF33EBEEEF4B528CBA2098 /* CDVViewController+SplashScreen.m */ = {isa = PBXFileReference; name = "CDVViewController+SplashScreen.m"; path = "cordova-plugin-splashscreen/CDVViewController+SplashScreen.m"; sourceTree = "<group>"; fileEncoding = 4; lastKnownFileType = sourcecode.c.objc; explicitFileType = undefined; includeInIndex = 0; };
		B968C0CD27BF44CABBA471B5 /* CDVSplashScreen.h */ = {isa = PBXFileReference; name = "CDVSplashScreen.h"; path = "cordova-plugin-splashscreen/CDVSplashScreen.h"; sourceTree = "<group>"; fileEncoding = 4; lastKnownFileType = sourcecode.c.h; explicitFileType = undefined; includeInIndex = 0; };
		2C4539DE915345B496C8CA11 /* CDVViewController+SplashScreen.h */ = {isa = PBXFileReference; name = "CDVViewController+SplashScreen.h"; path = "cordova-plugin-splashscreen/CDVViewController+SplashScreen.h"; sourceTree = "<group>"; fileEncoding = 4; lastKnownFileType = sourcecode.c.h; explicitFileType = undefined; includeInIndex = 0; };
		AD12FF52623A4CEEB8638E6F /* CDVStatusBar.m */ = {isa = PBXFileReference; name = "CDVStatusBar.m"; path = "cordova-plugin-statusbar/CDVStatusBar.m"; sourceTree = "<group>"; fileEncoding = 4; lastKnownFileType = sourcecode.c.objc; explicitFileType = undefined; includeInIndex = 0; };
		DAA5906E9FFA467199CC05F5 /* CDVStatusBar.h */ = {isa = PBXFileReference; name = "CDVStatusBar.h"; path = "cordova-plugin-statusbar/CDVStatusBar.h"; sourceTree = "<group>"; fileEncoding = 4; lastKnownFileType = sourcecode.c.h; explicitFileType = undefined; includeInIndex = 0; };
		E6B327D483A54E80B7AE3263 /* CDVVibration.m */ = {isa = PBXFileReference; name = "CDVVibration.m"; path = "cordova-plugin-vibration/CDVVibration.m"; sourceTree = "<group>"; fileEncoding = 4; lastKnownFileType = sourcecode.c.objc; explicitFileType = undefined; includeInIndex = 0; };
		7FD1525CA0AB426BB38EAA9F /* CDVVibration.h */ = {isa = PBXFileReference; name = "CDVVibration.h"; path = "cordova-plugin-vibration/CDVVibration.h"; sourceTree = "<group>"; fileEncoding = 4; lastKnownFileType = sourcecode.c.h; explicitFileType = undefined; includeInIndex = 0; };
/* End PBXFileReference section */

/* Begin PBXFrameworksBuildPhase section */
		1D60588F0D05DD3D006BFB54 /* Frameworks */ = {
			isa = PBXFrameworksBuildPhase;
			buildActionMask = 2147483647;
			files = (
				301BF552109A68D80062928A /* libCordova.a in Frameworks */,
				8A93CDDA9B1448A2A96EE1EE /* ImageIO.framework in Frameworks */,
				F4CB85F515AB4381B1016116 /* CoreLocation.framework in Frameworks */,
				00EE70C4B3414B7CA4F0EB32 /* AVFoundation.framework in Frameworks */,
				29AB87CFE9CD4564A14D47CA /* AddressBook.framework in Frameworks */,
				BF7F34318C05482A92D447EC /* AddressBookUI.framework in Frameworks */,
				CD5D8FAC4A834F88ACD15D37 /* libz.tbd in Frameworks */,
				C9EEF6D74B9D4FC6878D1738 /* CoreMotion.framework in Frameworks */,
				19554B368D704A8B9A703127 /* AudioToolbox.framework in Frameworks */,
				0537839941EA48F4829B5B52 /* SystemConfiguration.framework in Frameworks */,
				06912715F26A4F92AE09513D /* CoreTelephony.framework in Frameworks */,
			);
			runOnlyForDeploymentPostprocessing = 0;
		};
/* End PBXFrameworksBuildPhase section */

/* Begin PBXGroup section */
		080E96DDFE201D6D7F000001 /* Classes */ = {
			isa = PBXGroup;
			children = (
				302D95EE14D2391D003F00A1 /* MainViewController.h */,
				302D95EF14D2391D003F00A1 /* MainViewController.m */,
				302D95F014D2391D003F00A1 /* MainViewController.xib */,
				1D3623240D0F684500981E51 /* AppDelegate.h */,
				1D3623250D0F684500981E51 /* AppDelegate.m */,
			);
			name = Classes;
			path = "SmartAPP/Classes";
			sourceTree = SOURCE_ROOT;
		};
		19C28FACFE9D520D11CA2CBB /* Products */ = {
			isa = PBXGroup;
			children = (
				1D6058910D05DD3D006BFB54 /* SmartAPP.app */,
			);
			name = Products;
			sourceTree = "<group>";
		};
		29B97314FDCFA39411CA2CEA /* CustomTemplate */ = {
			isa = PBXGroup;
			children = (
				EB87FDF41871DAF40020F90C /* config.xml */,
				EB87FDF31871DA8E0020F90C /* www */,
				EB87FDF11871DA420020F90C /* Staging */,
				301BF52D109A57CC0062928A /* CordovaLib.xcodeproj */,
				080E96DDFE201D6D7F000001 /* Classes */,
				307C750510C5A3420062BCA9 /* Plugins */,
				29B97315FDCFA39411CA2CEA /* Other Sources */,
				29B97317FDCFA39411CA2CEA /* Resources */,
				29B97323FDCFA39411CA2CEA /* Frameworks */,
				19C28FACFE9D520D11CA2CBB /* Products */,
			);
			name = CustomTemplate;
			sourceTree = "<group>";
		};
		29B97315FDCFA39411CA2CEA /* Other Sources */ = {
			isa = PBXGroup;
			children = (
				32CA4F630368D1EE00C91783 /* SmartAPP-Prefix.pch */,
				29B97316FDCFA39411CA2CEA /* main.m */,
				ED33DF2A687741AEAF9F8254 /* Bridging-Header.h */,
			);
			name = "Other Sources";
			path = "SmartAPP";
			sourceTree = "<group>";
		};
		29B97317FDCFA39411CA2CEA /* Resources */ = {
			isa = PBXGroup;
			children = (
				0207DA571B56EA530066E2B4 /* Images.xcassets */,
				3047A50E1AB8057F00498E2A /* config */,
				8D1107310486CEB800E47090 /* SmartAPP-Info.plist */,
				6AFF5BF81D6E424B00AB3073 /* CDVLaunchScreen.storyboard */,
				B0B17B2911474DF48B492615 /* CDVNotification.bundle */,
				9AEA1506ABC24BC4973FBEA1 /* CDVCapture.bundle */,
			);
			name = Resources;
			path = "SmartAPP/Resources";
			sourceTree = "<group>";
		};
		29B97323FDCFA39411CA2CEA /* Frameworks */ = {
			isa = PBXGroup;
			children = (
				E9F84EC640604F6C806F6BC3 /* ImageIO.framework */,
				36F90C83A20A421E8292F929 /* CoreLocation.framework */,
				2A5652F775134FF28953B962 /* AVFoundation.framework */,
				DBBC1DF6ADCC48DE93EF5935 /* AddressBook.framework */,
				68B8473A808540D3BAF7389E /* AddressBookUI.framework */,
				FDB3C81C6DD947429605F553 /* libz.tbd */,
				A50DDC67F6AC477294D31934 /* CoreMotion.framework */,
				35E0777D9CB941DAB8706C85 /* AudioToolbox.framework */,
				98AE9241D0254DD6A00EAB52 /* SystemConfiguration.framework */,
				0A08007376CD4C5FB986E691 /* CoreTelephony.framework */,
			);
			name = Frameworks;
			sourceTree = "<group>";
		};
		301BF52E109A57CC0062928A /* Products */ = {
			isa = PBXGroup;
			children = (
				301BF535109A57CC0062928A /* libCordova.a */,
			);
			name = Products;
			sourceTree = "<group>";
		};
		3047A50E1AB8057F00498E2A /* config */ = {
			isa = PBXGroup;
			children = (
				3047A50F1AB8059700498E2A /* build-debug.xcconfig */,
				3047A5101AB8059700498E2A /* build-release.xcconfig */,
				3047A5111AB8059700498E2A /* build.xcconfig */,
			);
			name = config;
			sourceTree = "<group>";
		};
		307C750510C5A3420062BCA9 /* Plugins */ = {
			isa = PBXGroup;
			children = (
				6BB434933F0A4ED2B205FB89 /* CDVBattery.m */,
				42793F1C8061405D9580A7FA /* CDVBattery.h */,
				6121CBC7E633457F8CC53F44 /* UIImage+CropScaleOrientation.m */,
				2A7A08EA0D8B4297B526CC06 /* CDVCamera.m */,
				F89AE2081B5B4116A97122FF /* CDVJpegHeaderWriter.m */,
				935B425A42944A499EBF394A /* UIImage+CropScaleOrientation.h */,
				9754D8BB1BF047539AEE31EA /* CDVCamera.h */,
				8BF299F24B2D47DC9BE43D39 /* CDVJpegHeaderWriter.h */,
				A0AE156F8DB4418483EDD20E /* CDVExif.h */,
				0D43764A1BFC47489F169F17 /* CDVLogger.m */,
				0F96B6252BD54E5EA8B1DC6A /* CDVLogger.h */,
				A9672790294045338E5E71E3 /* CDVContacts.m */,
				7CA6D6DC4CF5493DAA5EB9B6 /* CDVContact.m */,
				4F9792E199094427AC166DFB /* CDVContacts.h */,
				747DE26DA810487F92CDEF26 /* CDVContact.h */,
				EEB81316894A4F1FB82B71DA /* CDVDevice.m */,
				14F6B556B7EA4CBA94AE6CA6 /* CDVDevice.h */,
				3688D050F2D342EFAD1990DA /* CDVAccelerometer.m */,
				688D668CE7164C9B9844CDB1 /* CDVAccelerometer.h */,
				0D6CFE9E7B3243279DEAA1AA /* CDVCompass.m */,
				7D467299308448BC9CD5D034 /* CDVCompass.h */,
				778050C0370A46A1ADB2EC06 /* CDVNotification.m */,
				381E4469A8D04102BED43D26 /* CDVNotification.h */,
				7D2828A770594EDBBF7DF3CF /* CDVFile.m */,
				6F6726EB4D604508A73F454D /* CDVLocalFilesystem.m */,
				C95BF552844B458C892D6BFC /* CDVAssetLibraryFilesystem.m */,
				729B0C714C6A453B82819502 /* CDVFile.h */,
				9A2C57237A0C4940838B7532 /* CDVLocalFilesystem.h */,
				2C3270EC3BE7411A9B5A8AB0 /* CDVAssetLibraryFilesystem.h */,
				621079EB3C9F44CA86515778 /* CDVFileTransfer.m */,
				9A884703AB53455FA44E6781 /* CDVFileTransfer.h */,
				C7A2242B5814437BAE49EEF9 /* CDVLocation.m */,
				F9584A372BF147A18553FFB3 /* CDVLocation.h */,
				ED7BE96D6CFF4997B1DD35CA /* CDVGlobalization.m */,
				4CB2DE4F58594649BBB431B8 /* CDVGlobalization.h */,
				1B2EDD7342A94C58A33266B3 /* CDVInAppBrowser.m */,
				085C14CDB800429887A99950 /* CDVInAppBrowser.h */,
				854F448D1F174A0EA7C19094 /* CDVSound.m */,
				07999FB0BF9140C39E030420 /* CDVSound.h */,
				7BCD899B73A443519149236C /* CDVCapture.m */,
				D27893D1C1074F60895AB4E0 /* CDVCapture.h */,
				1F55493656EF4C6587DDB9B4 /* CDVConnection.m */,
				3F674AACBD144EA6BCC113F9 /* CDVReachability.m */,
				147905D2280D4AB49CFEB7FE /* CDVConnection.h */,
				69CDC4D061D841BFAACA08C0 /* CDVReachability.h */,
				C5A178E323FC48819E139113 /* CDVSplashScreen.m */,
				D6CF33EBEEEF4B528CBA2098 /* CDVViewController+SplashScreen.m */,
				B968C0CD27BF44CABBA471B5 /* CDVSplashScreen.h */,
				2C4539DE915345B496C8CA11 /* CDVViewController+SplashScreen.h */,
				AD12FF52623A4CEEB8638E6F /* CDVStatusBar.m */,
				DAA5906E9FFA467199CC05F5 /* CDVStatusBar.h */,
				E6B327D483A54E80B7AE3263 /* CDVVibration.m */,
				7FD1525CA0AB426BB38EAA9F /* CDVVibration.h */,
			);
			name = Plugins;
			path = "SmartAPP/Plugins";
			sourceTree = SOURCE_ROOT;
		};
		EB87FDF11871DA420020F90C /* Staging */ = {
			isa = PBXGroup;
			children = (
				F840E1F0165FE0F500CFE078 /* config.xml */,
				301BF56E109A69640062928A /* www */,
			);
			name = Staging;
			sourceTree = "<group>";
		};
/* End PBXGroup section */

/* Begin PBXNativeTarget section */
		1D6058900D05DD3D006BFB54 /* SmartAPP */ = {
			isa = PBXNativeTarget;
			buildConfigurationList = 1D6058960D05DD3E006BFB54 /* Build configuration list for PBXNativeTarget "SmartAPP" */;
			buildPhases = (
				304B58A110DAC018002A0835 /* Copy www directory */,
				1D60588D0D05DD3D006BFB54 /* Resources */,
				1D60588E0D05DD3D006BFB54 /* Sources */,
				1D60588F0D05DD3D006BFB54 /* Frameworks */,
			);
			buildRules = (
			);
			dependencies = (
				301BF551109A68C00062928A /* PBXTargetDependency */,
			);
			name = "SmartAPP";
			productName = "SmartAPP";
			productReference = 1D6058910D05DD3D006BFB54 /* SmartAPP.app */;
			productType = "com.apple.product-type.application";
		};
/* End PBXNativeTarget section */

/* Begin PBXProject section */
		29B97313FDCFA39411CA2CEA /* Project object */ = {
			isa = PBXProject;
			attributes = {
				LastUpgradeCheck = 510;
			};
			buildConfigurationList = C01FCF4E08A954540054247B /* Build configuration list for PBXProject "__NON-CLI__" */;
			compatibilityVersion = "Xcode 3.2";
			developmentRegion = English;
			hasScannedForEncodings = 1;
			mainGroup = 29B97314FDCFA39411CA2CEA /* CustomTemplate */;
			projectDirPath = "";
			projectReferences = (
				{
					ProductGroup = 301BF52E109A57CC0062928A /* Products */;
					ProjectRef = 301BF52D109A57CC0062928A /* CordovaLib.xcodeproj */;
				},
			);
			projectRoot = "";
			targets = (
				1D6058900D05DD3D006BFB54 /* SmartAPP */,
			);
		};
/* End PBXProject section */

/* Begin PBXReferenceProxy section */
		301BF535109A57CC0062928A /* libCordova.a */ = {
			isa = PBXReferenceProxy;
			fileType = archive.ar;
			path = libCordova.a;
			remoteRef = 301BF534109A57CC0062928A /* PBXContainerItemProxy */;
			sourceTree = BUILT_PRODUCTS_DIR;
		};
/* End PBXReferenceProxy section */

/* Begin PBXResourcesBuildPhase section */
		1D60588D0D05DD3D006BFB54 /* Resources */ = {
			isa = PBXResourcesBuildPhase;
			buildActionMask = 2147483647;
			files = (
				302D95F214D2391D003F00A1 /* MainViewController.xib in Resources */,
				0207DA581B56EA530066E2B4 /* Images.xcassets in Resources */,
				6AFF5BF91D6E424B00AB3073 /* CDVLaunchScreen.storyboard in Resources */,
				3B67E80477444BA19E9F5EBC /* CDVNotification.bundle in Resources */,
				2AD17EC07ED448319F109D26 /* CDVCapture.bundle in Resources */,
			);
			runOnlyForDeploymentPostprocessing = 0;
		};
/* End PBXResourcesBuildPhase section */

/* Begin PBXShellScriptBuildPhase section */
		304B58A110DAC018002A0835 /* Copy www directory */ = {
			isa = PBXShellScriptBuildPhase;
			buildActionMask = 2147483647;
			files = (
			);
			inputPaths = (
			);
			name = "Copy www directory";
			outputPaths = (
			);
			runOnlyForDeploymentPostprocessing = 0;
			shellPath = /bin/sh;
			shellScript = "NODEJS_PATH=/usr/local/bin; NVM_NODE_PATH=~/.nvm/versions/node/`nvm version 2>/dev/null`/bin; N_NODE_PATH=`find /usr/local/n/versions/node/* -maxdepth 0 -type d 2>/dev/null | tail -1`/bin; XCODE_NODE_PATH=`xcode-select --print-path`/usr/share/xcs/Node/bin; PATH=$NODEJS_PATH:$NVM_NODE_PATH:$N_NODE_PATH:$XCODE_NODE_PATH:$PATH && node cordova/lib/copy-www-build-step.js";
			showEnvVarsInLog = 0;
		};
/* End PBXShellScriptBuildPhase section */

/* Begin PBXSourcesBuildPhase section */
		1D60588E0D05DD3D006BFB54 /* Sources */ = {
			isa = PBXSourcesBuildPhase;
			buildActionMask = 2147483647;
			files = (
				1D60589B0D05DD56006BFB54 /* main.m in Sources */,
				1D3623260D0F684500981E51 /* AppDelegate.m in Sources */,
				302D95F114D2391D003F00A1 /* MainViewController.m in Sources */,
				E0A22F98EB7E4FB299A2F851 /* CDVBattery.m in Sources */,
				97EB1B929FD747D7AE95E743 /* UIImage+CropScaleOrientation.m in Sources */,
				CF29018CABFB47D0BD6E53B3 /* CDVCamera.m in Sources */,
				5E6D7072CD9A45A1B640EAE2 /* CDVJpegHeaderWriter.m in Sources */,
				30CC80DA203E4639936BE172 /* CDVLogger.m in Sources */,
				10FF33DF6ECC479EBB3B6225 /* CDVContacts.m in Sources */,
				A21E1F462B8843D8853C4505 /* CDVContact.m in Sources */,
				EC72C82D40984745B04C5D8F /* CDVDevice.m in Sources */,
				0BDC1339EF7B4690BA47C355 /* CDVAccelerometer.m in Sources */,
				648281D9387F44D5B042FE36 /* CDVCompass.m in Sources */,
				5A8D168DD87D47EB9ADBCBDD /* CDVNotification.m in Sources */,
				A89D9267894C4A93B01928C7 /* CDVFile.m in Sources */,
				0ACB2E6157B749B48276259D /* CDVLocalFilesystem.m in Sources */,
				859E9C1AFFB04AE7BFD318F4 /* CDVAssetLibraryFilesystem.m in Sources */,
				4CC5129F05394676A9734E14 /* CDVFileTransfer.m in Sources */,
				89089FE756A44DB9ADCA77D2 /* CDVLocation.m in Sources */,
				E339C60CA4D049E28A9D10C3 /* CDVGlobalization.m in Sources */,
				FCC0771B44FD4D1299504F38 /* CDVInAppBrowser.m in Sources */,
				EF891A18306B4092A043F3C3 /* CDVSound.m in Sources */,
				1AEBFDF5B78D4369AD5DEEC9 /* CDVCapture.m in Sources */,
				6C7FD4D9CD6046DB9EEC9F82 /* CDVConnection.m in Sources */,
				952D74425C73491F9018D788 /* CDVReachability.m in Sources */,
				C947426A18A94A7C8C40C723 /* CDVSplashScreen.m in Sources */,
				D83EE79F5F6D46C18E056756 /* CDVViewController+SplashScreen.m in Sources */,
				F8452F439B804342B9931CAE /* CDVStatusBar.m in Sources */,
				74FDBE9A47C742CBBBE234F1 /* CDVVibration.m in Sources */,
			);
			runOnlyForDeploymentPostprocessing = 0;
		};
/* End PBXSourcesBuildPhase section */

/* Begin PBXTargetDependency section */
		301BF551109A68C00062928A /* PBXTargetDependency */ = {
			isa = PBXTargetDependency;
			name = CordovaLib;
			targetProxy = 301BF550109A68C00062928A /* PBXContainerItemProxy */;
		};
/* End PBXTargetDependency section */

/* Begin XCBuildConfiguration section */
		1D6058940D05DD3E006BFB54 /* Debug */ = {
			isa = XCBuildConfiguration;
			baseConfigurationReference = 3047A50F1AB8059700498E2A /* build-debug.xcconfig */;
			buildSettings = {
				ALWAYS_SEARCH_USER_PATHS = NO;
				ASSETCATALOG_COMPILER_APPICON_NAME = AppIcon;
				ASSETCATALOG_COMPILER_LAUNCHIMAGE_NAME = LaunchImage;
				CLANG_ENABLE_MODULES = YES;
				CLANG_ENABLE_OBJC_ARC = YES;
				COPY_PHASE_STRIP = NO;
				GCC_DYNAMIC_NO_PIC = NO;
				GCC_OPTIMIZATION_LEVEL = 0;
				GCC_PRECOMPILE_PREFIX_HEADER = YES;
				GCC_PREFIX_HEADER = "SmartAPP/SmartAPP-Prefix.pch";
				GCC_THUMB_SUPPORT = NO;
				GCC_VERSION = "";
				INFOPLIST_FILE = "SmartAPP/SmartAPP-Info.plist";
				IPHONEOS_DEPLOYMENT_TARGET = 8.0;
				LD_RUNPATH_SEARCH_PATHS = "@executable_path/Frameworks";
				TARGETED_DEVICE_FAMILY = "1,2";
				PRODUCT_NAME = "SmartAPP";
			};
			name = Debug;
		};
		1D6058950D05DD3E006BFB54 /* Release */ = {
			isa = XCBuildConfiguration;
			baseConfigurationReference = 3047A5101AB8059700498E2A /* build-release.xcconfig */;
			buildSettings = {
				ALWAYS_SEARCH_USER_PATHS = NO;
				ASSETCATALOG_COMPILER_APPICON_NAME = AppIcon;
				ASSETCATALOG_COMPILER_LAUNCHIMAGE_NAME = LaunchImage;
				CLANG_ENABLE_MODULES = YES;
				CLANG_ENABLE_OBJC_ARC = YES;
				COPY_PHASE_STRIP = YES;
				GCC_PRECOMPILE_PREFIX_HEADER = YES;
				GCC_PREFIX_HEADER = "SmartAPP/SmartAPP-Prefix.pch";
				GCC_THUMB_SUPPORT = NO;
				GCC_VERSION = "";
				INFOPLIST_FILE = "SmartAPP/SmartAPP-Info.plist";
				IPHONEOS_DEPLOYMENT_TARGET = 8.0;
				LD_RUNPATH_SEARCH_PATHS = "@executable_path/Frameworks";
				TARGETED_DEVICE_FAMILY = "1,2";
				PRODUCT_NAME = "SmartAPP";
			};
			name = Release;
		};
		C01FCF4F08A954540054247B /* Debug */ = {
			isa = XCBuildConfiguration;
			baseConfigurationReference = 3047A5111AB8059700498E2A /* build.xcconfig */;
			buildSettings = {
				CLANG_ENABLE_MODULES = YES;
				CLANG_ENABLE_OBJC_ARC = YES;
				CLANG_WARN_BOOL_CONVERSION = YES;
				CLANG_WARN_CONSTANT_CONVERSION = YES;
				CLANG_WARN_EMPTY_BODY = YES;
				CLANG_WARN_ENUM_CONVERSION = YES;
				CLANG_WARN_INT_CONVERSION = YES;
				CLANG_WARN__DUPLICATE_METHOD_MATCH = YES;
				GCC_C_LANGUAGE_STANDARD = c99;
				GCC_THUMB_SUPPORT = NO;
				GCC_VERSION = "";
				GCC_WARN_ABOUT_RETURN_TYPE = YES;
				GCC_WARN_UNDECLARED_SELECTOR = YES;
				GCC_WARN_UNINITIALIZED_AUTOS = YES;
				GCC_WARN_UNUSED_FUNCTION = YES;
				GCC_WARN_UNUSED_VARIABLE = YES;
				ONLY_ACTIVE_ARCH = YES;
				SDKROOT = iphoneos;
				SKIP_INSTALL = NO;
				ASSETCATALOG_COMPILER_LAUNCHIMAGE_NAME = LaunchImage;
			};
			name = Debug;
		};
		C01FCF5008A954540054247B /* Release */ = {
			isa = XCBuildConfiguration;
			baseConfigurationReference = 3047A5111AB8059700498E2A /* build.xcconfig */;
			buildSettings = {
				CLANG_ENABLE_MODULES = YES;
				CLANG_ENABLE_OBJC_ARC = YES;
				CLANG_WARN_BOOL_CONVERSION = YES;
				CLANG_WARN_CONSTANT_CONVERSION = YES;
				CLANG_WARN_EMPTY_BODY = YES;
				CLANG_WARN_ENUM_CONVERSION = YES;
				CLANG_WARN_INT_CONVERSION = YES;
				CLANG_WARN__DUPLICATE_METHOD_MATCH = YES;
				GCC_C_LANGUAGE_STANDARD = c99;
				GCC_THUMB_SUPPORT = NO;
				GCC_VERSION = "";
				GCC_WARN_ABOUT_RETURN_TYPE = YES;
				GCC_WARN_UNDECLARED_SELECTOR = YES;
				GCC_WARN_UNINITIALIZED_AUTOS = YES;
				GCC_WARN_UNUSED_FUNCTION = YES;
				GCC_WARN_UNUSED_VARIABLE = YES;
				SDKROOT = iphoneos;
				SKIP_INSTALL = NO;
				ASSETCATALOG_COMPILER_LAUNCHIMAGE_NAME = LaunchImage;
			};
			name = Release;
		};
/* End XCBuildConfiguration section */

/* Begin XCConfigurationList section */
		1D6058960D05DD3E006BFB54 /* Build configuration list for PBXNativeTarget "SmartAPP" */ = {
			isa = XCConfigurationList;
			buildConfigurations = (
				1D6058940D05DD3E006BFB54 /* Debug */,
				1D6058950D05DD3E006BFB54 /* Release */,
			);
			defaultConfigurationIsVisible = 0;
			defaultConfigurationName = Release;
		};
		C01FCF4E08A954540054247B /* Build configuration list for PBXProject "__NON-CLI__" */ = {
			isa = XCConfigurationList;
			buildConfigurations = (
				C01FCF4F08A954540054247B /* Debug */,
				C01FCF5008A954540054247B /* Release */,
			);
			defaultConfigurationIsVisible = 0;
			defaultConfigurationName = Release;
		};
/* End XCConfigurationList section */
	};
	rootObject = 29B97313FDCFA39411CA2CEA /* Project object */;
}
